
Microsoft Visual Studio Solution File, Format Version 12.00
# Visual Studio Version 17
VisualStudioVersion = 17.7.34031.279
MinimumVisualStudioVersion = 10.0.40219.1
Project("{FAE04EC0-301F-11D3-BF4B-00C04F79EFBC}") = "P6_1_714220017", "P6_1_714220017\P6_1_714220017.csproj", "{65417C64-999C-49E5-9A91-8D5371E8A5F8}"
EndProject
Global
	GlobalSection(SolutionConfigurationPlatforms) = preSolution
		Debug|Any CPU = Debug|Any CPU
		Release|Any CPU = Release|Any CPU
	EndGlobalSection
	GlobalSection(ProjectConfigurationPlatforms) = postSolution
		{65417C64-999C-49E5-9A91-8D5371E8A5F8}.Debug|Any CPU.ActiveCfg = Debug|Any CPU
		{65417C64-999C-49E5-9A91-8D5371E8A5F8}.Debug|Any CPU.Build.0 = Debug|Any CPU
		{65417C64-999C-49E5-9A91-8D5371E8A5F8}.Release|Any CPU.ActiveCfg = Release|Any CPU
		{65417C64-999C-49E5-9A91-8D5371E8A5F8}.Release|Any CPU.Build.0 = Release|Any CPU
	EndGlobalSection
	GlobalSection(SolutionProperties) = preSolution
		HideSolutionNode = FALSE
	EndGlobalSection
	GlobalSection(ExtensibilityGlobals) = postSolution
		SolutionGuid = {F2C945E9-7CF8-49A1-A7F9-6E9B8232DA71}
	EndGlobalSection
EndGlobal
