
Microsoft Visual Studio Solution File, Format Version 12.00
# Visual Studio Version 17
VisualStudioVersion = 17.7.34031.279
MinimumVisualStudioVersion = 10.0.40219.1
Project("{FAE04EC0-301F-11D3-BF4B-00C04F79EFBC}") = "P5_4_714220017", "P5_4_714220017\P5_4_714220017.csproj", "{BA87FD49-5118-49DD-8766-429F0D2F4823}"
EndProject
Global
	GlobalSection(SolutionConfigurationPlatforms) = preSolution
		Debug|Any CPU = Debug|Any CPU
		Release|Any CPU = Release|Any CPU
	EndGlobalSection
	GlobalSection(ProjectConfigurationPlatforms) = postSolution
		{BA87FD49-5118-49DD-8766-429F0D2F4823}.Debug|Any CPU.ActiveCfg = Debug|Any CPU
		{BA87FD49-5118-49DD-8766-429F0D2F4823}.Debug|Any CPU.Build.0 = Debug|Any CPU
		{BA87FD49-5118-49DD-8766-429F0D2F4823}.Release|Any CPU.ActiveCfg = Release|Any CPU
		{BA87FD49-5118-49DD-8766-429F0D2F4823}.Release|Any CPU.Build.0 = Release|Any CPU
	EndGlobalSection
	GlobalSection(SolutionProperties) = preSolution
		HideSolutionNode = FALSE
	EndGlobalSection
	GlobalSection(ExtensibilityGlobals) = postSolution
		SolutionGuid = {DDBA0785-99F0-46BD-89C5-1144B449AA45}
	EndGlobalSection
EndGlobal
