
Microsoft Visual Studio Solution File, Format Version 12.00
# Visual Studio Version 17
VisualStudioVersion = 17.7.34031.279
MinimumVisualStudioVersion = 10.0.40219.1
Project("{FAE04EC0-301F-11D3-BF4B-00C04F79EFBC}") = "P5_1_714220017", "P5_1_714220017\P5_1_714220017.csproj", "{7359D7FE-637B-494D-8B2C-4A57A1E802B3}"
EndProject
Global
	GlobalSection(SolutionConfigurationPlatforms) = preSolution
		Debug|Any CPU = Debug|Any CPU
		Release|Any CPU = Release|Any CPU
	EndGlobalSection
	GlobalSection(ProjectConfigurationPlatforms) = postSolution
		{7359D7FE-637B-494D-8B2C-4A57A1E802B3}.Debug|Any CPU.ActiveCfg = Debug|Any CPU
		{7359D7FE-637B-494D-8B2C-4A57A1E802B3}.Debug|Any CPU.Build.0 = Debug|Any CPU
		{7359D7FE-637B-494D-8B2C-4A57A1E802B3}.Release|Any CPU.ActiveCfg = Release|Any CPU
		{7359D7FE-637B-494D-8B2C-4A57A1E802B3}.Release|Any CPU.Build.0 = Release|Any CPU
	EndGlobalSection
	GlobalSection(SolutionProperties) = preSolution
		HideSolutionNode = FALSE
	EndGlobalSection
	GlobalSection(ExtensibilityGlobals) = postSolution
		SolutionGuid = {CA56D7B4-F158-4D01-B0C8-0BAB26A0CA0F}
	EndGlobalSection
EndGlobal
