
Microsoft Visual Studio Solution File, Format Version 12.00
# Visual Studio Version 17
VisualStudioVersion = 17.7.34031.279
MinimumVisualStudioVersion = 10.0.40219.1
Project("{FAE04EC0-301F-11D3-BF4B-00C04F79EFBC}") = "P3_3_714220017", "P3_3_714220017\P3_3_714220017.csproj", "{A4555576-B3A7-42E6-B948-771381422BAC}"
EndProject
Global
	GlobalSection(SolutionConfigurationPlatforms) = preSolution
		Debug|Any CPU = Debug|Any CPU
		Release|Any CPU = Release|Any CPU
	EndGlobalSection
	GlobalSection(ProjectConfigurationPlatforms) = postSolution
		{A4555576-B3A7-42E6-B948-771381422BAC}.Debug|Any CPU.ActiveCfg = Debug|Any CPU
		{A4555576-B3A7-42E6-B948-771381422BAC}.Debug|Any CPU.Build.0 = Debug|Any CPU
		{A4555576-B3A7-42E6-B948-771381422BAC}.Release|Any CPU.ActiveCfg = Release|Any CPU
		{A4555576-B3A7-42E6-B948-771381422BAC}.Release|Any CPU.Build.0 = Release|Any CPU
	EndGlobalSection
	GlobalSection(SolutionProperties) = preSolution
		HideSolutionNode = FALSE
	EndGlobalSection
	GlobalSection(ExtensibilityGlobals) = postSolution
		SolutionGuid = {749A14CD-A240-437C-B7F1-2F8BC0A49FBB}
	EndGlobalSection
EndGlobal
