
Microsoft Visual Studio Solution File, Format Version 12.00
# Visual Studio Version 17
VisualStudioVersion = 17.7.34031.279
MinimumVisualStudioVersion = 10.0.40219.1
Project("{FAE04EC0-301F-11D3-BF4B-00C04F79EFBC}") = "P5_2_714220017", "P5_2_714220017\P5_2_714220017.csproj", "{5E8956E9-B521-479D-942B-6706035E633E}"
EndProject
Global
	GlobalSection(SolutionConfigurationPlatforms) = preSolution
		Debug|Any CPU = Debug|Any CPU
		Release|Any CPU = Release|Any CPU
	EndGlobalSection
	GlobalSection(ProjectConfigurationPlatforms) = postSolution
		{5E8956E9-B521-479D-942B-6706035E633E}.Debug|Any CPU.ActiveCfg = Debug|Any CPU
		{5E8956E9-B521-479D-942B-6706035E633E}.Debug|Any CPU.Build.0 = Debug|Any CPU
		{5E8956E9-B521-479D-942B-6706035E633E}.Release|Any CPU.ActiveCfg = Release|Any CPU
		{5E8956E9-B521-479D-942B-6706035E633E}.Release|Any CPU.Build.0 = Release|Any CPU
	EndGlobalSection
	GlobalSection(SolutionProperties) = preSolution
		HideSolutionNode = FALSE
	EndGlobalSection
	GlobalSection(ExtensibilityGlobals) = postSolution
		SolutionGuid = {CD124220-F951-4127-9BCB-E05E3F479F57}
	EndGlobalSection
EndGlobal
